
Microsoft Visual Studio Solution File, Format Version 12.00
# Visual Studio Version 16
VisualStudioVersion = 16.0.29806.167
MinimumVisualStudioVersion = 10.0.40219.1
Project("{2150E333-8FDC-42A3-9474-1A3956D46DE8}") = "src", "src", "{AFAA0841-BD93-466F-B8F4-FB4EEC86F1FC}"
EndProject
Project("{2150E333-8FDC-42A3-9474-1A3956D46DE8}") = "test", "test", "{F10AA149-2626-486E-85BB-9CD5365F3016}"
EndProject
Project("{9A19103F-16F7-4668-BE54-9A1E7A4F7556}") = "SMIC.Core", "src\SMIC.Core\SMIC.Core.csproj", "{0FA75A5B-AB83-4FD0-B545-279774C01E87}"
EndProject
Project("{9A19103F-16F7-4668-BE54-9A1E7A4F7556}") = "SMIC.Application", "src\SMIC.Application\SMIC.Application.csproj", "{3870C648-4AEA-4B85-BA3F-F2F63B96136A}"
EndProject
Project("{9A19103F-16F7-4668-BE54-9A1E7A4F7556}") = "SMIC.Tests", "test\SMIC.Tests\SMIC.Tests.csproj", "{0D4C5D00-C144-4213-A007-4B8944113AB1}"
EndProject
Project("{9A19103F-16F7-4668-BE54-9A1E7A4F7556}") = "SMIC.Migrator", "src\SMIC.Migrator\SMIC.Migrator.csproj", "{880B3591-E057-46FE-B525-10BD83828B93}"
EndProject
Project("{9A19103F-16F7-4668-BE54-9A1E7A4F7556}") = "SMIC.Web.Host", "src\SMIC.Web.Host\SMIC.Web.Host.csproj", "{38E184BD-E874-4633-A947-AED4FDB73F40}"
EndProject
Project("{9A19103F-16F7-4668-BE54-9A1E7A4F7556}") = "SMIC.Web.Core", "src\SMIC.Web.Core\SMIC.Web.Core.csproj", "{22CFE0D2-8DCA-42D7-AD7D-784C3862493F}"
EndProject
Project("{9A19103F-16F7-4668-BE54-9A1E7A4F7556}") = "SMIC.EntityFrameworkCore", "src\SMIC.EntityFrameworkCore\SMIC.EntityFrameworkCore.csproj", "{E0580562-F8F2-4EBB-B07A-ABFC6F2C314F}"
EndProject
Project("{2150E333-8FDC-42A3-9474-1A3956D46DE8}") = "Dcoment", "Dcoment", "{57B4A6E0-4E8F-499D-BCF8-B3314B64D69B}"
	ProjectSection(SolutionItems) = preProject
		4.9修改.txt = 4.9修改.txt
		Cors跨域设置.txt = Cors跨域设置.txt
		Logger.txt = Logger.txt
	EndProjectSection
EndProject
Project("{2150E333-8FDC-42A3-9474-1A3956D46DE8}") = "SJCL", "SJCL", "{C51EBEED-EE8B-460A-9AE8-2ECFF137649A}"
EndProject
Project("{9A19103F-16F7-4668-BE54-9A1E7A4F7556}") = "SMIC.SJCL.Common", "src\SMIC.SJCL\SMIC.SJCL.Common\SMIC.SJCL.Common.csproj", "{1242CDBD-A010-420D-A3CE-25D4DE5EC0D7}"
EndProject
Project("{9A19103F-16F7-4668-BE54-9A1E7A4F7556}") = "IPlugin", "src\SMIC.SJCL\IPlugin\IPlugin.csproj", "{B3C3697A-6635-4233-BC0D-83B5FDBE1627}"
EndProject
Project("{2150E333-8FDC-42A3-9474-1A3956D46DE8}") = "Plugins", "Plugins", "{6C0B1AE4-C73C-433A-AC54-7AE40A1F0B4E}"
EndProject
Project("{9A19103F-16F7-4668-BE54-9A1E7A4F7556}") = "SMIC.SJCL.M02", "src\SMIC.SJCL\Plugins\SMIC.SJCL.M02\SMIC.SJCL.M02.csproj", "{6D78A123-8E24-487D-ACB1-26E28644F913}"
EndProject
Project("{2150E333-8FDC-42A3-9474-1A3956D46DE8}") = "Solution Items", "Solution Items", "{4F005693-05C1-4F8A-8DBB-C6A628E296B4}"
	ProjectSection(SolutionItems) = preProject
		ToDo.txt = ToDo.txt
	EndProjectSection
EndProject
Project("{9A19103F-16F7-4668-BE54-9A1E7A4F7556}") = "SMIC.SJCL.M01", "src\SMIC.SJCL\Plugins\SMIC.SJCL.M01\SMIC.SJCL.M01.csproj", "{31EA0732-53FA-4C48-B2D8-66EA7C0A510B}"
EndProject
Project("{9A19103F-16F7-4668-BE54-9A1E7A4F7556}") = "SMIC.SJCL.M03", "src\SMIC.SJCL\Plugins\SMIC.SJCL.M03\SMIC.SJCL.M03.csproj", "{67463A6D-7F12-4C56-9C0F-BB6FC51FDA6C}"
EndProject
Project("{9A19103F-16F7-4668-BE54-9A1E7A4F7556}") = "SMIC.SJCL.M04", "src\SMIC.SJCL\Plugins\SMIC.SJCL.M04\SMIC.SJCL.M04.csproj", "{153FFCF5-9012-449C-9E7F-F369786E065C}"
EndProject
Project("{9A19103F-16F7-4668-BE54-9A1E7A4F7556}") = "SMIC.SJCL.M05", "src\SMIC.SJCL\Plugins\SMIC.SJCL.M05\SMIC.SJCL.M05.csproj", "{0575C75D-C285-45D7-8D8E-074338A2B81C}"
EndProject
Project("{9A19103F-16F7-4668-BE54-9A1E7A4F7556}") = "SMIC.SJCL.M06", "src\SMIC.SJCL\Plugins\SMIC.SJCL.M06\SMIC.SJCL.M06.csproj", "{3F1AD6E7-CF05-4A62-95A5-E550C43AA8FF}"
EndProject
Global
	GlobalSection(SolutionConfigurationPlatforms) = preSolution
		Debug|Any CPU = Debug|Any CPU
		Release|Any CPU = Release|Any CPU
	EndGlobalSection
	GlobalSection(ProjectConfigurationPlatforms) = postSolution
		{0FA75A5B-AB83-4FD0-B545-279774C01E87}.Debug|Any CPU.ActiveCfg = Debug|Any CPU
		{0FA75A5B-AB83-4FD0-B545-279774C01E87}.Debug|Any CPU.Build.0 = Debug|Any CPU
		{0FA75A5B-AB83-4FD0-B545-279774C01E87}.Release|Any CPU.ActiveCfg = Release|Any CPU
		{0FA75A5B-AB83-4FD0-B545-279774C01E87}.Release|Any CPU.Build.0 = Release|Any CPU
		{3870C648-4AEA-4B85-BA3F-F2F63B96136A}.Debug|Any CPU.ActiveCfg = Debug|Any CPU
		{3870C648-4AEA-4B85-BA3F-F2F63B96136A}.Debug|Any CPU.Build.0 = Debug|Any CPU
		{3870C648-4AEA-4B85-BA3F-F2F63B96136A}.Release|Any CPU.ActiveCfg = Release|Any CPU
		{3870C648-4AEA-4B85-BA3F-F2F63B96136A}.Release|Any CPU.Build.0 = Release|Any CPU
		{0D4C5D00-C144-4213-A007-4B8944113AB1}.Debug|Any CPU.ActiveCfg = Debug|Any CPU
		{0D4C5D00-C144-4213-A007-4B8944113AB1}.Debug|Any CPU.Build.0 = Debug|Any CPU
		{0D4C5D00-C144-4213-A007-4B8944113AB1}.Release|Any CPU.ActiveCfg = Release|Any CPU
		{0D4C5D00-C144-4213-A007-4B8944113AB1}.Release|Any CPU.Build.0 = Release|Any CPU
		{880B3591-E057-46FE-B525-10BD83828B93}.Debug|Any CPU.ActiveCfg = Debug|Any CPU
		{880B3591-E057-46FE-B525-10BD83828B93}.Debug|Any CPU.Build.0 = Debug|Any CPU
		{880B3591-E057-46FE-B525-10BD83828B93}.Release|Any CPU.ActiveCfg = Release|Any CPU
		{880B3591-E057-46FE-B525-10BD83828B93}.Release|Any CPU.Build.0 = Release|Any CPU
		{38E184BD-E874-4633-A947-AED4FDB73F40}.Debug|Any CPU.ActiveCfg = Debug|Any CPU
		{38E184BD-E874-4633-A947-AED4FDB73F40}.Debug|Any CPU.Build.0 = Debug|Any CPU
		{38E184BD-E874-4633-A947-AED4FDB73F40}.Release|Any CPU.ActiveCfg = Release|Any CPU
		{38E184BD-E874-4633-A947-AED4FDB73F40}.Release|Any CPU.Build.0 = Release|Any CPU
		{22CFE0D2-8DCA-42D7-AD7D-784C3862493F}.Debug|Any CPU.ActiveCfg = Debug|Any CPU
		{22CFE0D2-8DCA-42D7-AD7D-784C3862493F}.Debug|Any CPU.Build.0 = Debug|Any CPU
		{22CFE0D2-8DCA-42D7-AD7D-784C3862493F}.Release|Any CPU.ActiveCfg = Release|Any CPU
		{22CFE0D2-8DCA-42D7-AD7D-784C3862493F}.Release|Any CPU.Build.0 = Release|Any CPU
		{E0580562-F8F2-4EBB-B07A-ABFC6F2C314F}.Debug|Any CPU.ActiveCfg = Debug|Any CPU
		{E0580562-F8F2-4EBB-B07A-ABFC6F2C314F}.Debug|Any CPU.Build.0 = Debug|Any CPU
		{E0580562-F8F2-4EBB-B07A-ABFC6F2C314F}.Release|Any CPU.ActiveCfg = Release|Any CPU
		{E0580562-F8F2-4EBB-B07A-ABFC6F2C314F}.Release|Any CPU.Build.0 = Release|Any CPU
		{1242CDBD-A010-420D-A3CE-25D4DE5EC0D7}.Debug|Any CPU.ActiveCfg = Debug|Any CPU
		{1242CDBD-A010-420D-A3CE-25D4DE5EC0D7}.Debug|Any CPU.Build.0 = Debug|Any CPU
		{1242CDBD-A010-420D-A3CE-25D4DE5EC0D7}.Release|Any CPU.ActiveCfg = Release|Any CPU
		{1242CDBD-A010-420D-A3CE-25D4DE5EC0D7}.Release|Any CPU.Build.0 = Release|Any CPU
		{B3C3697A-6635-4233-BC0D-83B5FDBE1627}.Debug|Any CPU.ActiveCfg = Debug|Any CPU
		{B3C3697A-6635-4233-BC0D-83B5FDBE1627}.Debug|Any CPU.Build.0 = Debug|Any CPU
		{B3C3697A-6635-4233-BC0D-83B5FDBE1627}.Release|Any CPU.ActiveCfg = Release|Any CPU
		{B3C3697A-6635-4233-BC0D-83B5FDBE1627}.Release|Any CPU.Build.0 = Release|Any CPU
		{6D78A123-8E24-487D-ACB1-26E28644F913}.Debug|Any CPU.ActiveCfg = Debug|Any CPU
		{6D78A123-8E24-487D-ACB1-26E28644F913}.Debug|Any CPU.Build.0 = Debug|Any CPU
		{6D78A123-8E24-487D-ACB1-26E28644F913}.Release|Any CPU.ActiveCfg = Release|Any CPU
		{6D78A123-8E24-487D-ACB1-26E28644F913}.Release|Any CPU.Build.0 = Release|Any CPU
		{31EA0732-53FA-4C48-B2D8-66EA7C0A510B}.Debug|Any CPU.ActiveCfg = Debug|Any CPU
		{31EA0732-53FA-4C48-B2D8-66EA7C0A510B}.Debug|Any CPU.Build.0 = Debug|Any CPU
		{31EA0732-53FA-4C48-B2D8-66EA7C0A510B}.Release|Any CPU.ActiveCfg = Release|Any CPU
		{31EA0732-53FA-4C48-B2D8-66EA7C0A510B}.Release|Any CPU.Build.0 = Release|Any CPU
		{67463A6D-7F12-4C56-9C0F-BB6FC51FDA6C}.Debug|Any CPU.ActiveCfg = Debug|Any CPU
		{67463A6D-7F12-4C56-9C0F-BB6FC51FDA6C}.Debug|Any CPU.Build.0 = Debug|Any CPU
		{67463A6D-7F12-4C56-9C0F-BB6FC51FDA6C}.Release|Any CPU.ActiveCfg = Release|Any CPU
		{67463A6D-7F12-4C56-9C0F-BB6FC51FDA6C}.Release|Any CPU.Build.0 = Release|Any CPU
		{153FFCF5-9012-449C-9E7F-F369786E065C}.Debug|Any CPU.ActiveCfg = Debug|Any CPU
		{153FFCF5-9012-449C-9E7F-F369786E065C}.Debug|Any CPU.Build.0 = Debug|Any CPU
		{153FFCF5-9012-449C-9E7F-F369786E065C}.Release|Any CPU.ActiveCfg = Release|Any CPU
		{153FFCF5-9012-449C-9E7F-F369786E065C}.Release|Any CPU.Build.0 = Release|Any CPU
		{0575C75D-C285-45D7-8D8E-074338A2B81C}.Debug|Any CPU.ActiveCfg = Debug|Any CPU
		{0575C75D-C285-45D7-8D8E-074338A2B81C}.Debug|Any CPU.Build.0 = Debug|Any CPU
		{0575C75D-C285-45D7-8D8E-074338A2B81C}.Release|Any CPU.ActiveCfg = Release|Any CPU
		{0575C75D-C285-45D7-8D8E-074338A2B81C}.Release|Any CPU.Build.0 = Release|Any CPU
		{3F1AD6E7-CF05-4A62-95A5-E550C43AA8FF}.Debug|Any CPU.ActiveCfg = Debug|Any CPU
		{3F1AD6E7-CF05-4A62-95A5-E550C43AA8FF}.Debug|Any CPU.Build.0 = Debug|Any CPU
		{3F1AD6E7-CF05-4A62-95A5-E550C43AA8FF}.Release|Any CPU.ActiveCfg = Release|Any CPU
		{3F1AD6E7-CF05-4A62-95A5-E550C43AA8FF}.Release|Any CPU.Build.0 = Release|Any CPU
	EndGlobalSection
	GlobalSection(SolutionProperties) = preSolution
		HideSolutionNode = FALSE
	EndGlobalSection
	GlobalSection(NestedProjects) = preSolution
		{0FA75A5B-AB83-4FD0-B545-279774C01E87} = {AFAA0841-BD93-466F-B8F4-FB4EEC86F1FC}
		{3870C648-4AEA-4B85-BA3F-F2F63B96136A} = {AFAA0841-BD93-466F-B8F4-FB4EEC86F1FC}
		{0D4C5D00-C144-4213-A007-4B8944113AB1} = {F10AA149-2626-486E-85BB-9CD5365F3016}
		{880B3591-E057-46FE-B525-10BD83828B93} = {AFAA0841-BD93-466F-B8F4-FB4EEC86F1FC}
		{38E184BD-E874-4633-A947-AED4FDB73F40} = {AFAA0841-BD93-466F-B8F4-FB4EEC86F1FC}
		{22CFE0D2-8DCA-42D7-AD7D-784C3862493F} = {AFAA0841-BD93-466F-B8F4-FB4EEC86F1FC}
		{E0580562-F8F2-4EBB-B07A-ABFC6F2C314F} = {AFAA0841-BD93-466F-B8F4-FB4EEC86F1FC}
		{1242CDBD-A010-420D-A3CE-25D4DE5EC0D7} = {C51EBEED-EE8B-460A-9AE8-2ECFF137649A}
		{B3C3697A-6635-4233-BC0D-83B5FDBE1627} = {C51EBEED-EE8B-460A-9AE8-2ECFF137649A}
		{6C0B1AE4-C73C-433A-AC54-7AE40A1F0B4E} = {C51EBEED-EE8B-460A-9AE8-2ECFF137649A}
		{6D78A123-8E24-487D-ACB1-26E28644F913} = {6C0B1AE4-C73C-433A-AC54-7AE40A1F0B4E}
		{31EA0732-53FA-4C48-B2D8-66EA7C0A510B} = {6C0B1AE4-C73C-433A-AC54-7AE40A1F0B4E}
		{67463A6D-7F12-4C56-9C0F-BB6FC51FDA6C} = {6C0B1AE4-C73C-433A-AC54-7AE40A1F0B4E}
		{153FFCF5-9012-449C-9E7F-F369786E065C} = {6C0B1AE4-C73C-433A-AC54-7AE40A1F0B4E}
		{0575C75D-C285-45D7-8D8E-074338A2B81C} = {6C0B1AE4-C73C-433A-AC54-7AE40A1F0B4E}
		{3F1AD6E7-CF05-4A62-95A5-E550C43AA8FF} = {6C0B1AE4-C73C-433A-AC54-7AE40A1F0B4E}
	EndGlobalSection
	GlobalSection(ExtensibilityGlobals) = postSolution
		SolutionGuid = {C9E42B40-A075-465F-B0FB-0BFB0B4A0F17}
	EndGlobalSection
EndGlobal
